
Microsoft Visual Studio Solution File, Format Version 12.00
# Visual Studio Version 17
VisualStudioVersion = 17.8.34316.72
MinimumVisualStudioVersion = 10.0.40219.1
Project("{FAE04EC0-301F-11D3-BF4B-00C04F79EFBC}") = "StudPortal.Server", "StudPortal.Server\StudPortal.Server.csproj", "{A2ED2DDB-145E-46D7-8FDD-B946374991BC}"
EndProject
Global
	GlobalSection(SolutionConfigurationPlatforms) = preSolution
		Debug|Any CPU = Debug|Any CPU
		Release|Any CPU = Release|Any CPU
	EndGlobalSection
	GlobalSection(ProjectConfigurationPlatforms) = postSolution
		{A2ED2DDB-145E-46D7-8FDD-B946374991BC}.Debug|Any CPU.ActiveCfg = Debug|Any CPU
		{A2ED2DDB-145E-46D7-8FDD-B946374991BC}.Debug|Any CPU.Build.0 = Debug|Any CPU
		{A2ED2DDB-145E-46D7-8FDD-B946374991BC}.Release|Any CPU.ActiveCfg = Release|Any CPU
		{A2ED2DDB-145E-46D7-8FDD-B946374991BC}.Release|Any CPU.Build.0 = Release|Any CPU
	EndGlobalSection
	GlobalSection(SolutionProperties) = preSolution
		HideSolutionNode = FALSE
	EndGlobalSection
	GlobalSection(ExtensibilityGlobals) = postSolution
		SolutionGuid = {7DA42648-4CEF-40A8-B64C-0576D3137FAD}
	EndGlobalSection
EndGlobal
